
Microsoft Visual Studio Solution File, Format Version 12.00
# Visual Studio Version 16
VisualStudioVersion = 16.0.30011.22
MinimumVisualStudioVersion = 10.0.40219.1
Project("{FAE04EC0-301F-11D3-BF4B-00C04F79EFBC}") = "FRNGerenciador", "FRNGerenciador\FRNGerenciador.csproj", "{6CE8E1D2-393A-43F7-A756-A6B14242BE97}"
EndProject
Project("{FAE04EC0-301F-11D3-BF4B-00C04F79EFBC}") = "FRNGerenciador.data", "FRNGerenciador.data\FRNGerenciador.data.csproj", "{B9F5317E-4E54-4130-ADE7-D6BB4C8174DE}"
EndProject
Project("{FAE04EC0-301F-11D3-BF4B-00C04F79EFBC}") = "FRNGerenciador.domain", "FRNGerenciador.domain\FRNGerenciador.domain.csproj", "{FAF813AD-6136-4A2B-BB1C-644040E5F048}"
EndProject
Global
	GlobalSection(SolutionConfigurationPlatforms) = preSolution
		Debug|Any CPU = Debug|Any CPU
		Release|Any CPU = Release|Any CPU
	EndGlobalSection
	GlobalSection(ProjectConfigurationPlatforms) = postSolution
		{6CE8E1D2-393A-43F7-A756-A6B14242BE97}.Debug|Any CPU.ActiveCfg = Debug|Any CPU
		{6CE8E1D2-393A-43F7-A756-A6B14242BE97}.Debug|Any CPU.Build.0 = Debug|Any CPU
		{6CE8E1D2-393A-43F7-A756-A6B14242BE97}.Release|Any CPU.ActiveCfg = Release|Any CPU
		{6CE8E1D2-393A-43F7-A756-A6B14242BE97}.Release|Any CPU.Build.0 = Release|Any CPU
		{B9F5317E-4E54-4130-ADE7-D6BB4C8174DE}.Debug|Any CPU.ActiveCfg = Debug|Any CPU
		{B9F5317E-4E54-4130-ADE7-D6BB4C8174DE}.Debug|Any CPU.Build.0 = Debug|Any CPU
		{B9F5317E-4E54-4130-ADE7-D6BB4C8174DE}.Release|Any CPU.ActiveCfg = Release|Any CPU
		{B9F5317E-4E54-4130-ADE7-D6BB4C8174DE}.Release|Any CPU.Build.0 = Release|Any CPU
		{FAF813AD-6136-4A2B-BB1C-644040E5F048}.Debug|Any CPU.ActiveCfg = Debug|Any CPU
		{FAF813AD-6136-4A2B-BB1C-644040E5F048}.Debug|Any CPU.Build.0 = Debug|Any CPU
		{FAF813AD-6136-4A2B-BB1C-644040E5F048}.Release|Any CPU.ActiveCfg = Release|Any CPU
		{FAF813AD-6136-4A2B-BB1C-644040E5F048}.Release|Any CPU.Build.0 = Release|Any CPU
	EndGlobalSection
	GlobalSection(SolutionProperties) = preSolution
		HideSolutionNode = FALSE
	EndGlobalSection
	GlobalSection(ExtensibilityGlobals) = postSolution
		SolutionGuid = {C7882843-8400-43A2-A9FF-2E5B790B6692}
	EndGlobalSection
EndGlobal
